// !$*UTF8*$!
{
	archiveVersion = 1;
	classes = {
	};
	objectVersion = 50;
	objects = {

/* Begin PBXBuildFile section */
		031CC1EB2558B21A008A0A22 /* Refeicao.swift in Sources */ = {isa = PBXBuildFile; fileRef = 031CC1EA2558B21A008A0A22 /* Refeicao.swift */; };
		031CC1F32558B2C4008A0A22 /* Item.swift in Sources */ = {isa = PBXBuildFile; fileRef = 031CC1F22558B2C4008A0A22 /* Item.swift */; };
		031CC2022558B9FB008A0A22 /* RefeicoesTableViewController.swift in Sources */ = {isa = PBXBuildFile; fileRef = 031CC2012558B9FB008A0A22 /* RefeicoesTableViewController.swift */; };
		037D47112558165900667C87 /* AppDelegate.swift in Sources */ = {isa = PBXBuildFile; fileRef = 037D47102558165900667C87 /* AppDelegate.swift */; };
		037D47132558165900667C87 /* SceneDelegate.swift in Sources */ = {isa = PBXBuildFile; fileRef = 037D47122558165900667C87 /* SceneDelegate.swift */; };
		037D47152558165900667C87 /* ViewController.swift in Sources */ = {isa = PBXBuildFile; fileRef = 037D47142558165900667C87 /* ViewController.swift */; };
		037D47182558165900667C87 /* Main.storyboard in Resources */ = {isa = PBXBuildFile; fileRef = 037D47162558165900667C87 /* Main.storyboard */; };
		037D471A2558165D00667C87 /* Assets.xcassets in Resources */ = {isa = PBXBuildFile; fileRef = 037D47192558165D00667C87 /* Assets.xcassets */; };
		037D471D2558165D00667C87 /* LaunchScreen.storyboard in Resources */ = {isa = PBXBuildFile; fileRef = 037D471B2558165D00667C87 /* LaunchScreen.storyboard */; };
		037D47282558165D00667C87 /* eggplant_brownieTests.swift in Sources */ = {isa = PBXBuildFile; fileRef = 037D47272558165D00667C87 /* eggplant_brownieTests.swift */; };
		037D47332558165D00667C87 /* eggplant_brownieUITests.swift in Sources */ = {isa = PBXBuildFile; fileRef = 037D47322558165D00667C87 /* eggplant_brownieUITests.swift */; };
		038020022561BCCA009EA3CC /* AdicionarItensViewController.swift in Sources */ = {isa = PBXBuildFile; fileRef = 038020002561BCCA009EA3CC /* AdicionarItensViewController.swift */; };
		038020032561BCCA009EA3CC /* AdicionarItensViewController.xib in Resources */ = {isa = PBXBuildFile; fileRef = 038020012561BCCA009EA3CC /* AdicionarItensViewController.xib */; };
		03C3085C25636D01005D8F66 /* Alerta.swift in Sources */ = {isa = PBXBuildFile; fileRef = 03C3085B25636D01005D8F66 /* Alerta.swift */; };
		03CF58D62568989C00040CCB /* RemoveRefeicaoViewController.swift in Sources */ = {isa = PBXBuildFile; fileRef = 03CF58D52568989C00040CCB /* RemoveRefeicaoViewController.swift */; };
		03CF58DB2568AD8200040CCB /* RefeicaoDao.swift in Sources */ = {isa = PBXBuildFile; fileRef = 03CF58DA2568AD8200040CCB /* RefeicaoDao.swift */; };
		03CF58E32568B0E300040CCB /* ItensDao.swift in Sources */ = {isa = PBXBuildFile; fileRef = 03CF58E22568B0E300040CCB /* ItensDao.swift */; };
/* End PBXBuildFile section */

/* Begin PBXContainerItemProxy section */
		037D47242558165D00667C87 /* PBXContainerItemProxy */ = {
			isa = PBXContainerItemProxy;
			containerPortal = 037D47052558165900667C87 /* Project object */;
			proxyType = 1;
			remoteGlobalIDString = 037D470C2558165900667C87;
			remoteInfo = "eggplant-brownie";
		};
		037D472F2558165D00667C87 /* PBXContainerItemProxy */ = {
			isa = PBXContainerItemProxy;
			containerPortal = 037D47052558165900667C87 /* Project object */;
			proxyType = 1;
			remoteGlobalIDString = 037D470C2558165900667C87;
			remoteInfo = "eggplant-brownie";
		};
/* End PBXContainerItemProxy section */

/* Begin PBXFileReference section */
		031CC1EA2558B21A008A0A22 /* Refeicao.swift */ = {isa = PBXFileReference; lastKnownFileType = sourcecode.swift; path = Refeicao.swift; sourceTree = "<group>"; };
		031CC1F22558B2C4008A0A22 /* Item.swift */ = {isa = PBXFileReference; lastKnownFileType = sourcecode.swift; path = Item.swift; sourceTree = "<group>"; };
		031CC2012558B9FB008A0A22 /* RefeicoesTableViewController.swift */ = {isa = PBXFileReference; lastKnownFileType = sourcecode.swift; path = RefeicoesTableViewController.swift; sourceTree = "<group>"; };
		037D470D2558165900667C87 /* eggplant-brownie.app */ = {isa = PBXFileReference; explicitFileType = wrapper.application; includeInIndex = 0; path = "eggplant-brownie.app"; sourceTree = BUILT_PRODUCTS_DIR; };
		037D47102558165900667C87 /* AppDelegate.swift */ = {isa = PBXFileReference; lastKnownFileType = sourcecode.swift; path = AppDelegate.swift; sourceTree = "<group>"; };
		037D47122558165900667C87 /* SceneDelegate.swift */ = {isa = PBXFileReference; lastKnownFileType = sourcecode.swift; path = SceneDelegate.swift; sourceTree = "<group>"; };
		037D47142558165900667C87 /* ViewController.swift */ = {isa = PBXFileReference; lastKnownFileType = sourcecode.swift; path = ViewController.swift; sourceTree = "<group>"; };
		037D47172558165900667C87 /* Base */ = {isa = PBXFileReference; lastKnownFileType = file.storyboard; name = Base; path = Base.lproj/Main.storyboard; sourceTree = "<group>"; };
		037D47192558165D00667C87 /* Assets.xcassets */ = {isa = PBXFileReference; lastKnownFileType = folder.assetcatalog; path = Assets.xcassets; sourceTree = "<group>"; };
		037D471C2558165D00667C87 /* Base */ = {isa = PBXFileReference; lastKnownFileType = file.storyboard; name = Base; path = Base.lproj/LaunchScreen.storyboard; sourceTree = "<group>"; };
		037D471E2558165D00667C87 /* Info.plist */ = {isa = PBXFileReference; lastKnownFileType = text.plist.xml; path = Info.plist; sourceTree = "<group>"; };
		037D47232558165D00667C87 /* eggplant-brownieTests.xctest */ = {isa = PBXFileReference; explicitFileType = wrapper.cfbundle; includeInIndex = 0; path = "eggplant-brownieTests.xctest"; sourceTree = BUILT_PRODUCTS_DIR; };
		037D47272558165D00667C87 /* eggplant_brownieTests.swift */ = {isa = PBXFileReference; lastKnownFileType = sourcecode.swift; path = eggplant_brownieTests.swift; sourceTree = "<group>"; };
		037D47292558165D00667C87 /* Info.plist */ = {isa = PBXFileReference; lastKnownFileType = text.plist.xml; path = Info.plist; sourceTree = "<group>"; };
		037D472E2558165D00667C87 /* eggplant-brownieUITests.xctest */ = {isa = PBXFileReference; explicitFileType = wrapper.cfbundle; includeInIndex = 0; path = "eggplant-brownieUITests.xctest"; sourceTree = BUILT_PRODUCTS_DIR; };
		037D47322558165D00667C87 /* eggplant_brownieUITests.swift */ = {isa = PBXFileReference; lastKnownFileType = sourcecode.swift; path = eggplant_brownieUITests.swift; sourceTree = "<group>"; };
		037D47342558165D00667C87 /* Info.plist */ = {isa = PBXFileReference; lastKnownFileType = text.plist.xml; path = Info.plist; sourceTree = "<group>"; };
		038020002561BCCA009EA3CC /* AdicionarItensViewController.swift */ = {isa = PBXFileReference; lastKnownFileType = sourcecode.swift; path = AdicionarItensViewController.swift; sourceTree = "<group>"; };
		038020012561BCCA009EA3CC /* AdicionarItensViewController.xib */ = {isa = PBXFileReference; lastKnownFileType = file.xib; path = AdicionarItensViewController.xib; sourceTree = "<group>"; };
		03C3085B25636D01005D8F66 /* Alerta.swift */ = {isa = PBXFileReference; lastKnownFileType = sourcecode.swift; path = Alerta.swift; sourceTree = "<group>"; };
		03CF58D52568989C00040CCB /* RemoveRefeicaoViewController.swift */ = {isa = PBXFileReference; lastKnownFileType = sourcecode.swift; path = RemoveRefeicaoViewController.swift; sourceTree = "<group>"; };
		03CF58DA2568AD8200040CCB /* RefeicaoDao.swift */ = {isa = PBXFileReference; lastKnownFileType = sourcecode.swift; path = RefeicaoDao.swift; sourceTree = "<group>"; };
		03CF58E22568B0E300040CCB /* ItensDao.swift */ = {isa = PBXFileReference; lastKnownFileType = sourcecode.swift; path = ItensDao.swift; sourceTree = "<group>"; };
/* End PBXFileReference section */

/* Begin PBXFrameworksBuildPhase section */
		037D470A2558165900667C87 /* Frameworks */ = {
			isa = PBXFrameworksBuildPhase;
			buildActionMask = 2147483647;
			files = (
			);
			runOnlyForDeploymentPostprocessing = 0;
		};
		037D47202558165D00667C87 /* Frameworks */ = {
			isa = PBXFrameworksBuildPhase;
			buildActionMask = 2147483647;
			files = (
			);
			runOnlyForDeploymentPostprocessing = 0;
		};
		037D472B2558165D00667C87 /* Frameworks */ = {
			isa = PBXFrameworksBuildPhase;
			buildActionMask = 2147483647;
			files = (
			);
			runOnlyForDeploymentPostprocessing = 0;
		};
/* End PBXFrameworksBuildPhase section */

/* Begin PBXGroup section */
		031CC1FB2558B331008A0A22 /* Models */ = {
			isa = PBXGroup;
			children = (
				031CC1EA2558B21A008A0A22 /* Refeicao.swift */,
				031CC1F22558B2C4008A0A22 /* Item.swift */,
				03C3085B25636D01005D8F66 /* Alerta.swift */,
				03CF58DA2568AD8200040CCB /* RefeicaoDao.swift */,
				03CF58E22568B0E300040CCB /* ItensDao.swift */,
			);
			path = Models;
			sourceTree = "<group>";
		};
		031CC1FC2558B33C008A0A22 /* Views */ = {
			isa = PBXGroup;
			children = (
				037D47162558165900667C87 /* Main.storyboard */,
				038020012561BCCA009EA3CC /* AdicionarItensViewController.xib */,
			);
			path = Views;
			sourceTree = "<group>";
		};
		031CC1FD2558B344008A0A22 /* Controllers */ = {
			isa = PBXGroup;
			children = (
				031CC2012558B9FB008A0A22 /* RefeicoesTableViewController.swift */,
				038020002561BCCA009EA3CC /* AdicionarItensViewController.swift */,
				037D47142558165900667C87 /* ViewController.swift */,
				03CF58D52568989C00040CCB /* RemoveRefeicaoViewController.swift */,
			);
			path = Controllers;
			sourceTree = "<group>";
		};
		037D47042558165900667C87 = {
			isa = PBXGroup;
			children = (
				037D470F2558165900667C87 /* eggplant-brownie */,
				037D47262558165D00667C87 /* eggplant-brownieTests */,
				037D47312558165D00667C87 /* eggplant-brownieUITests */,
				037D470E2558165900667C87 /* Products */,
			);
			sourceTree = "<group>";
		};
		037D470E2558165900667C87 /* Products */ = {
			isa = PBXGroup;
			children = (
				037D470D2558165900667C87 /* eggplant-brownie.app */,
				037D47232558165D00667C87 /* eggplant-brownieTests.xctest */,
				037D472E2558165D00667C87 /* eggplant-brownieUITests.xctest */,
			);
			name = Products;
			sourceTree = "<group>";
		};
		037D470F2558165900667C87 /* eggplant-brownie */ = {
			isa = PBXGroup;
			children = (
				031CC1FB2558B331008A0A22 /* Models */,
				031CC1FC2558B33C008A0A22 /* Views */,
				031CC1FD2558B344008A0A22 /* Controllers */,
				037D47102558165900667C87 /* AppDelegate.swift */,
				037D47122558165900667C87 /* SceneDelegate.swift */,
				037D47192558165D00667C87 /* Assets.xcassets */,
				037D471B2558165D00667C87 /* LaunchScreen.storyboard */,
				037D471E2558165D00667C87 /* Info.plist */,
			);
			path = "eggplant-brownie";
			sourceTree = "<group>";
		};
		037D47262558165D00667C87 /* eggplant-brownieTests */ = {
			isa = PBXGroup;
			children = (
				037D47272558165D00667C87 /* eggplant_brownieTests.swift */,
				037D47292558165D00667C87 /* Info.plist */,
			);
			path = "eggplant-brownieTests";
			sourceTree = "<group>";
		};
		037D47312558165D00667C87 /* eggplant-brownieUITests */ = {
			isa = PBXGroup;
			children = (
				037D47322558165D00667C87 /* eggplant_brownieUITests.swift */,
				037D47342558165D00667C87 /* Info.plist */,
			);
			path = "eggplant-brownieUITests";
			sourceTree = "<group>";
		};
/* End PBXGroup section */

/* Begin PBXNativeTarget section */
		037D470C2558165900667C87 /* eggplant-brownie */ = {
			isa = PBXNativeTarget;
			buildConfigurationList = 037D47372558165D00667C87 /* Build configuration list for PBXNativeTarget "eggplant-brownie" */;
			buildPhases = (
				037D47092558165900667C87 /* Sources */,
				037D470A2558165900667C87 /* Frameworks */,
				037D470B2558165900667C87 /* Resources */,
			);
			buildRules = (
			);
			dependencies = (
			);
			name = "eggplant-brownie";
			productName = "eggplant-brownie";
			productReference = 037D470D2558165900667C87 /* eggplant-brownie.app */;
			productType = "com.apple.product-type.application";
		};
		037D47222558165D00667C87 /* eggplant-brownieTests */ = {
			isa = PBXNativeTarget;
			buildConfigurationList = 037D473A2558165D00667C87 /* Build configuration list for PBXNativeTarget "eggplant-brownieTests" */;
			buildPhases = (
				037D471F2558165D00667C87 /* Sources */,
				037D47202558165D00667C87 /* Frameworks */,
				037D47212558165D00667C87 /* Resources */,
			);
			buildRules = (
			);
			dependencies = (
				037D47252558165D00667C87 /* PBXTargetDependency */,
			);
			name = "eggplant-brownieTests";
			productName = "eggplant-brownieTests";
			productReference = 037D47232558165D00667C87 /* eggplant-brownieTests.xctest */;
			productType = "com.apple.product-type.bundle.unit-test";
		};
		037D472D2558165D00667C87 /* eggplant-brownieUITests */ = {
			isa = PBXNativeTarget;
			buildConfigurationList = 037D473D2558165D00667C87 /* Build configuration list for PBXNativeTarget "eggplant-brownieUITests" */;
			buildPhases = (
				037D472A2558165D00667C87 /* Sources */,
				037D472B2558165D00667C87 /* Frameworks */,
				037D472C2558165D00667C87 /* Resources */,
			);
			buildRules = (
			);
			dependencies = (
				037D47302558165D00667C87 /* PBXTargetDependency */,
			);
			name = "eggplant-brownieUITests";
			productName = "eggplant-brownieUITests";
			productReference = 037D472E2558165D00667C87 /* eggplant-brownieUITests.xctest */;
			productType = "com.apple.product-type.bundle.ui-testing";
		};
/* End PBXNativeTarget section */

/* Begin PBXProject section */
		037D47052558165900667C87 /* Project object */ = {
			isa = PBXProject;
			attributes = {
				LastSwiftUpdateCheck = 1200;
				LastUpgradeCheck = 1200;
				TargetAttributes = {
					037D470C2558165900667C87 = {
						CreatedOnToolsVersion = 12.0;
					};
					037D47222558165D00667C87 = {
						CreatedOnToolsVersion = 12.0;
						TestTargetID = 037D470C2558165900667C87;
					};
					037D472D2558165D00667C87 = {
						CreatedOnToolsVersion = 12.0;
						TestTargetID = 037D470C2558165900667C87;
					};
				};
			};
			buildConfigurationList = 037D47082558165900667C87 /* Build configuration list for PBXProject "eggplant-brownie" */;
			compatibilityVersion = "Xcode 9.3";
			developmentRegion = en;
			hasScannedForEncodings = 0;
			knownRegions = (
				en,
				Base,
			);
			mainGroup = 037D47042558165900667C87;
			productRefGroup = 037D470E2558165900667C87 /* Products */;
			projectDirPath = "";
			projectRoot = "";
			targets = (
				037D470C2558165900667C87 /* eggplant-brownie */,
				037D47222558165D00667C87 /* eggplant-brownieTests */,
				037D472D2558165D00667C87 /* eggplant-brownieUITests */,
			);
		};
/* End PBXProject section */

/* Begin PBXResourcesBuildPhase section */
		037D470B2558165900667C87 /* Resources */ = {
			isa = PBXResourcesBuildPhase;
			buildActionMask = 2147483647;
			files = (
				037D471D2558165D00667C87 /* LaunchScreen.storyboard in Resources */,
				037D471A2558165D00667C87 /* Assets.xcassets in Resources */,
				038020032561BCCA009EA3CC /* AdicionarItensViewController.xib in Resources */,
				037D47182558165900667C87 /* Main.storyboard in Resources */,
			);
			runOnlyForDeploymentPostprocessing = 0;
		};
		037D47212558165D00667C87 /* Resources */ = {
			isa = PBXResourcesBuildPhase;
			buildActionMask = 2147483647;
			files = (
			);
			runOnlyForDeploymentPostprocessing = 0;
		};
		037D472C2558165D00667C87 /* Resources */ = {
			isa = PBXResourcesBuildPhase;
			buildActionMask = 2147483647;
			files = (
			);
			runOnlyForDeploymentPostprocessing = 0;
		};
/* End PBXResourcesBuildPhase section */

/* Begin PBXSourcesBuildPhase section */
		037D47092558165900667C87 /* Sources */ = {
			isa = PBXSourcesBuildPhase;
			buildActionMask = 2147483647;
			files = (
				03CF58DB2568AD8200040CCB /* RefeicaoDao.swift in Sources */,
				03C3085C25636D01005D8F66 /* Alerta.swift in Sources */,
				031CC1F32558B2C4008A0A22 /* Item.swift in Sources */,
				037D47152558165900667C87 /* ViewController.swift in Sources */,
				03CF58D62568989C00040CCB /* RemoveRefeicaoViewController.swift in Sources */,
				038020022561BCCA009EA3CC /* AdicionarItensViewController.swift in Sources */,
				037D47112558165900667C87 /* AppDelegate.swift in Sources */,
				031CC2022558B9FB008A0A22 /* RefeicoesTableViewController.swift in Sources */,
				03CF58E32568B0E300040CCB /* ItensDao.swift in Sources */,
				037D47132558165900667C87 /* SceneDelegate.swift in Sources */,
				031CC1EB2558B21A008A0A22 /* Refeicao.swift in Sources */,
			);
			runOnlyForDeploymentPostprocessing = 0;
		};
		037D471F2558165D00667C87 /* Sources */ = {
			isa = PBXSourcesBuildPhase;
			buildActionMask = 2147483647;
			files = (
				037D47282558165D00667C87 /* eggplant_brownieTests.swift in Sources */,
			);
			runOnlyForDeploymentPostprocessing = 0;
		};
		037D472A2558165D00667C87 /* Sources */ = {
			isa = PBXSourcesBuildPhase;
			buildActionMask = 2147483647;
			files = (
				037D47332558165D00667C87 /* eggplant_brownieUITests.swift in Sources */,
			);
			runOnlyForDeploymentPostprocessing = 0;
		};
/* End PBXSourcesBuildPhase section */

/* Begin PBXTargetDependency section */
		037D47252558165D00667C87 /* PBXTargetDependency */ = {
			isa = PBXTargetDependency;
			target = 037D470C2558165900667C87 /* eggplant-brownie */;
			targetProxy = 037D47242558165D00667C87 /* PBXContainerItemProxy */;
		};
		037D47302558165D00667C87 /* PBXTargetDependency */ = {
			isa = PBXTargetDependency;
			target = 037D470C2558165900667C87 /* eggplant-brownie */;
			targetProxy = 037D472F2558165D00667C87 /* PBXContainerItemProxy */;
		};
/* End PBXTargetDependency section */

/* Begin PBXVariantGroup section */
		037D47162558165900667C87 /* Main.storyboard */ = {
			isa = PBXVariantGroup;
			children = (
				037D47172558165900667C87 /* Base */,
			);
			name = Main.storyboard;
			sourceTree = "<group>";
		};
		037D471B2558165D00667C87 /* LaunchScreen.storyboard */ = {
			isa = PBXVariantGroup;
			children = (
				037D471C2558165D00667C87 /* Base */,
			);
			name = LaunchScreen.storyboard;
			sourceTree = "<group>";
		};
/* End PBXVariantGroup section */

/* Begin XCBuildConfiguration section */
		037D47352558165D00667C87 /* Debug */ = {
			isa = XCBuildConfiguration;
			buildSettings = {
				ALWAYS_SEARCH_USER_PATHS = NO;
				CLANG_ANALYZER_NONNULL = YES;
				CLANG_ANALYZER_NUMBER_OBJECT_CONVERSION = YES_AGGRESSIVE;
				CLANG_CXX_LANGUAGE_STANDARD = "gnu++14";
				CLANG_CXX_LIBRARY = "libc++";
				CLANG_ENABLE_MODULES = YES;
				CLANG_ENABLE_OBJC_ARC = YES;
				CLANG_ENABLE_OBJC_WEAK = YES;
				CLANG_WARN_BLOCK_CAPTURE_AUTORELEASING = YES;
				CLANG_WARN_BOOL_CONVERSION = YES;
				CLANG_WARN_COMMA = YES;
				CLANG_WARN_CONSTANT_CONVERSION = YES;
				CLANG_WARN_DEPRECATED_OBJC_IMPLEMENTATIONS = YES;
				CLANG_WARN_DIRECT_OBJC_ISA_USAGE = YES_ERROR;
				CLANG_WARN_DOCUMENTATION_COMMENTS = YES;
				CLANG_WARN_EMPTY_BODY = YES;
				CLANG_WARN_ENUM_CONVERSION = YES;
				CLANG_WARN_INFINITE_RECURSION = YES;
				CLANG_WARN_INT_CONVERSION = YES;
				CLANG_WARN_NON_LITERAL_NULL_CONVERSION = YES;
				CLANG_WARN_OBJC_IMPLICIT_RETAIN_SELF = YES;
				CLANG_WARN_OBJC_LITERAL_CONVERSION = YES;
				CLANG_WARN_OBJC_ROOT_CLASS = YES_ERROR;
				CLANG_WARN_QUOTED_INCLUDE_IN_FRAMEWORK_HEADER = YES;
				CLANG_WARN_RANGE_LOOP_ANALYSIS = YES;
				CLANG_WARN_STRICT_PROTOTYPES = YES;
				CLANG_WARN_SUSPICIOUS_MOVE = YES;
				CLANG_WARN_UNGUARDED_AVAILABILITY = YES_AGGRESSIVE;
				CLANG_WARN_UNREACHABLE_CODE = YES;
				CLANG_WARN__DUPLICATE_METHOD_MATCH = YES;
				COPY_PHASE_STRIP = NO;
				DEBUG_INFORMATION_FORMAT = dwarf;
				ENABLE_STRICT_OBJC_MSGSEND = YES;
				ENABLE_TESTABILITY = YES;
				GCC_C_LANGUAGE_STANDARD = gnu11;
				GCC_DYNAMIC_NO_PIC = NO;
				GCC_NO_COMMON_BLOCKS = YES;
				GCC_OPTIMIZATION_LEVEL = 0;
				GCC_PREPROCESSOR_DEFINITIONS = (
					"DEBUG=1",
					"$(inherited)",
				);
				GCC_WARN_64_TO_32_BIT_CONVERSION = YES;
				GCC_WARN_ABOUT_RETURN_TYPE = YES_ERROR;
				GCC_WARN_UNDECLARED_SELECTOR = YES;
				GCC_WARN_UNINITIALIZED_AUTOS = YES_AGGRESSIVE;
				GCC_WARN_UNUSED_FUNCTION = YES;
				GCC_WARN_UNUSED_VARIABLE = YES;
				IPHONEOS_DEPLOYMENT_TARGET = 14.0;
				MTL_ENABLE_DEBUG_INFO = INCLUDE_SOURCE;
				MTL_FAST_MATH = YES;
				ONLY_ACTIVE_ARCH = YES;
				SDKROOT = iphoneos;
				SWIFT_ACTIVE_COMPILATION_CONDITIONS = DEBUG;
				SWIFT_OPTIMIZATION_LEVEL = "-Onone";
			};
			name = Debug;
		};
		037D47362558165D00667C87 /* Release */ = {
			isa = XCBuildConfiguration;
			buildSettings = {
				ALWAYS_SEARCH_USER_PATHS = NO;
				CLANG_ANALYZER_NONNULL = YES;
				CLANG_ANALYZER_NUMBER_OBJECT_CONVERSION = YES_AGGRESSIVE;
				CLANG_CXX_LANGUAGE_STANDARD = "gnu++14";
				CLANG_CXX_LIBRARY = "libc++";
				CLANG_ENABLE_MODULES = YES;
				CLANG_ENABLE_OBJC_ARC = YES;
				CLANG_ENABLE_OBJC_WEAK = YES;
				CLANG_WARN_BLOCK_CAPTURE_AUTORELEASING = YES;
				CLANG_WARN_BOOL_CONVERSION = YES;
				CLANG_WARN_COMMA = YES;
				CLANG_WARN_CONSTANT_CONVERSION = YES;
				CLANG_WARN_DEPRECATED_OBJC_IMPLEMENTATIONS = YES;
				CLANG_WARN_DIRECT_OBJC_ISA_USAGE = YES_ERROR;
				CLANG_WARN_DOCUMENTATION_COMMENTS = YES;
				CLANG_WARN_EMPTY_BODY = YES;
				CLANG_WARN_ENUM_CONVERSION = YES;
				CLANG_WARN_INFINITE_RECURSION = YES;
				CLANG_WARN_INT_CONVERSION = YES;
				CLANG_WARN_NON_LITERAL_NULL_CONVERSION = YES;
				CLANG_WARN_OBJC_IMPLICIT_RETAIN_SELF = YES;
				CLANG_WARN_OBJC_LITERAL_CONVERSION = YES;
				CLANG_WARN_OBJC_ROOT_CLASS = YES_ERROR;
				CLANG_WARN_QUOTED_INCLUDE_IN_FRAMEWORK_HEADER = YES;
				CLANG_WARN_RANGE_LOOP_ANALYSIS = YES;
				CLANG_WARN_STRICT_PROTOTYPES = YES;
				CLANG_WARN_SUSPICIOUS_MOVE = YES;
				CLANG_WARN_UNGUARDED_AVAILABILITY = YES_AGGRESSIVE;
				CLANG_WARN_UNREACHABLE_CODE = YES;
				CLANG_WARN__DUPLICATE_METHOD_MATCH = YES;
				COPY_PHASE_STRIP = NO;
				DEBUG_INFORMATION_FORMAT = "dwarf-with-dsym";
				ENABLE_NS_ASSERTIONS = NO;
				ENABLE_STRICT_OBJC_MSGSEND = YES;
				GCC_C_LANGUAGE_STANDARD = gnu11;
				GCC_NO_COMMON_BLOCKS = YES;
				GCC_WARN_64_TO_32_BIT_CONVERSION = YES;
				GCC_WARN_ABOUT_RETURN_TYPE = YES_ERROR;
				GCC_WARN_UNDECLARED_SELECTOR = YES;
				GCC_WARN_UNINITIALIZED_AUTOS = YES_AGGRESSIVE;
				GCC_WARN_UNUSED_FUNCTION = YES;
				GCC_WARN_UNUSED_VARIABLE = YES;
				IPHONEOS_DEPLOYMENT_TARGET = 14.0;
				MTL_ENABLE_DEBUG_INFO = NO;
				MTL_FAST_MATH = YES;
				SDKROOT = iphoneos;
				SWIFT_COMPILATION_MODE = wholemodule;
				SWIFT_OPTIMIZATION_LEVEL = "-O";
				VALIDATE_PRODUCT = YES;
			};
			name = Release;
		};
		037D47382558165D00667C87 /* Debug */ = {
			isa = XCBuildConfiguration;
			buildSettings = {
				ASSETCATALOG_COMPILER_APPICON_NAME = AppIcon;
				ASSETCATALOG_COMPILER_GLOBAL_ACCENT_COLOR_NAME = AccentColor;
				CODE_SIGN_STYLE = Automatic;
				INFOPLIST_FILE = "eggplant-brownie/Info.plist";
				LD_RUNPATH_SEARCH_PATHS = (
					"$(inherited)",
					"@executable_path/Frameworks",
				);
				PRODUCT_BUNDLE_IDENTIFIER = "dev.hirvinfaria.eggplant-brownie";
				PRODUCT_NAME = "$(TARGET_NAME)";
				SWIFT_VERSION = 5.0;
				TARGETED_DEVICE_FAMILY = "1,2";
			};
			name = Debug;
		};
		037D47392558165D00667C87 /* Release */ = {
			isa = XCBuildConfiguration;
			buildSettings = {
				ASSETCATALOG_COMPILER_APPICON_NAME = AppIcon;
				ASSETCATALOG_COMPILER_GLOBAL_ACCENT_COLOR_NAME = AccentColor;
				CODE_SIGN_STYLE = Automatic;
				INFOPLIST_FILE = "eggplant-brownie/Info.plist";
				LD_RUNPATH_SEARCH_PATHS = (
					"$(inherited)",
					"@executable_path/Frameworks",
				);
				PRODUCT_BUNDLE_IDENTIFIER = "dev.hirvinfaria.eggplant-brownie";
				PRODUCT_NAME = "$(TARGET_NAME)";
				SWIFT_VERSION = 5.0;
				TARGETED_DEVICE_FAMILY = "1,2";
			};
			name = Release;
		};
		037D473B2558165D00667C87 /* Debug */ = {
			isa = XCBuildConfiguration;
			buildSettings = {
				ALWAYS_EMBED_SWIFT_STANDARD_LIBRARIES = YES;
				BUNDLE_LOADER = "$(TEST_HOST)";
				CODE_SIGN_STYLE = Automatic;
				INFOPLIST_FILE = "eggplant-brownieTests/Info.plist";
				IPHONEOS_DEPLOYMENT_TARGET = 14.0;
				LD_RUNPATH_SEARCH_PATHS = (
					"$(inherited)",
					"@executable_path/Frameworks",
					"@loader_path/Frameworks",
				);
				PRODUCT_BUNDLE_IDENTIFIER = "dev.hirvinfaria.eggplant-brownieTests";
				PRODUCT_NAME = "$(TARGET_NAME)";
				SWIFT_VERSION = 5.0;
				TARGETED_DEVICE_FAMILY = "1,2";
				TEST_HOST = "$(BUILT_PRODUCTS_DIR)/eggplant-brownie.app/eggplant-brownie";
			};
			name = Debug;
		};
		037D473C2558165D00667C87 /* Release */ = {
			isa = XCBuildConfiguration;
			buildSettings = {
				ALWAYS_EMBED_SWIFT_STANDARD_LIBRARIES = YES;
				BUNDLE_LOADER = "$(TEST_HOST)";
				CODE_SIGN_STYLE = Automatic;
				INFOPLIST_FILE = "eggplant-brownieTests/Info.plist";
				IPHONEOS_DEPLOYMENT_TARGET = 14.0;
				LD_RUNPATH_SEARCH_PATHS = (
					"$(inherited)",
					"@executable_path/Frameworks",
					"@loader_path/Frameworks",
				);
				PRODUCT_BUNDLE_IDENTIFIER = "dev.hirvinfaria.eggplant-brownieTests";
				PRODUCT_NAME = "$(TARGET_NAME)";
				SWIFT_VERSION = 5.0;
				TARGETED_DEVICE_FAMILY = "1,2";
				TEST_HOST = "$(BUILT_PRODUCTS_DIR)/eggplant-brownie.app/eggplant-brownie";
			};
			name = Release;
		};
		037D473E2558165D00667C87 /* Debug */ = {
			isa = XCBuildConfiguration;
			buildSettings = {
				ALWAYS_EMBED_SWIFT_STANDARD_LIBRARIES = YES;
				CODE_SIGN_STYLE = Automatic;
				INFOPLIST_FILE = "eggplant-brownieUITests/Info.plist";
				LD_RUNPATH_SEARCH_PATHS = (
					"$(inherited)",
					"@executable_path/Frameworks",
					"@loader_path/Frameworks",
				);
				PRODUCT_BUNDLE_IDENTIFIER = "dev.hirvinfaria.eggplant-brownieUITests";
				PRODUCT_NAME = "$(TARGET_NAME)";
				SWIFT_VERSION = 5.0;
				TARGETED_DEVICE_FAMILY = "1,2";
				TEST_TARGET_NAME = "eggplant-brownie";
			};
			name = Debug;
		};
		037D473F2558165D00667C87 /* Release */ = {
			isa = XCBuildConfiguration;
			buildSettings = {
				ALWAYS_EMBED_SWIFT_STANDARD_LIBRARIES = YES;
				CODE_SIGN_STYLE = Automatic;
				INFOPLIST_FILE = "eggplant-brownieUITests/Info.plist";
				LD_RUNPATH_SEARCH_PATHS = (
					"$(inherited)",
					"@executable_path/Frameworks",
					"@loader_path/Frameworks",
				);
				PRODUCT_BUNDLE_IDENTIFIER = "dev.hirvinfaria.eggplant-brownieUITests";
				PRODUCT_NAME = "$(TARGET_NAME)";
				SWIFT_VERSION = 5.0;
				TARGETED_DEVICE_FAMILY = "1,2";
				TEST_TARGET_NAME = "eggplant-brownie";
			};
			name = Release;
		};
/* End XCBuildConfiguration section */

/* Begin XCConfigurationList section */
		037D47082558165900667C87 /* Build configuration list for PBXProject "eggplant-brownie" */ = {
			isa = XCConfigurationList;
			buildConfigurations = (
				037D47352558165D00667C87 /* Debug */,
				037D47362558165D00667C87 /* Release */,
			);
			defaultConfigurationIsVisible = 0;
			defaultConfigurationName = Release;
		};
		037D47372558165D00667C87 /* Build configuration list for PBXNativeTarget "eggplant-brownie" */ = {
			isa = XCConfigurationList;
			buildConfigurations = (
				037D47382558165D00667C87 /* Debug */,
				037D47392558165D00667C87 /* Release */,
			);
			defaultConfigurationIsVisible = 0;
			defaultConfigurationName = Release;
		};
		037D473A2558165D00667C87 /* Build configuration list for PBXNativeTarget "eggplant-brownieTests" */ = {
			isa = XCConfigurationList;
			buildConfigurations = (
				037D473B2558165D00667C87 /* Debug */,
				037D473C2558165D00667C87 /* Release */,
			);
			defaultConfigurationIsVisible = 0;
			defaultConfigurationName = Release;
		};
		037D473D2558165D00667C87 /* Build configuration list for PBXNativeTarget "eggplant-brownieUITests" */ = {
			isa = XCConfigurationList;
			buildConfigurations = (
				037D473E2558165D00667C87 /* Debug */,
				037D473F2558165D00667C87 /* Release */,
			);
			defaultConfigurationIsVisible = 0;
			defaultConfigurationName = Release;
		};
/* End XCConfigurationList section */
	};
	rootObject = 037D47052558165900667C87 /* Project object */;
}
